{
    "_readme": [
        "This file locks the dependencies of your project to a known state",
        "Read more about it at https://getcomposer.org/doc/01-basic-usage.md#installing-dependencies",
        "This file is @generated automatically"
    ],
    "content-hash": "fa14dba2326b21872d0f45c77c494fa6",
    "packages": [
        {
            "name": "wbstack/magnustools",
            "version": "dev-wbstack",
            "source": {
                "type": "git",
                "url": "https://github.com/wbstack/magnustools.git",
                "reference": "429f68414b98fed4800cc010b8813abb8d624eb5"
            },
            "dist": {
                "type": "zip",
                "url": "https://api.github.com/repos/wbstack/magnustools/zipball/429f68414b98fed4800cc010b8813abb8d624eb5",
                "reference": "429f68414b98fed4800cc010b8813abb8d624eb5",
                "shasum": ""
            },
            "type": "library",
            "support": {
                "source": "https://github.com/wbstack/magnustools/tree/wbstack",
                "issues": "https://github.com/wbstack/magnustools/issues"
            },
            "time": "2020-11-22T15:35:25+00:00"
        }
    ],
    "packages-dev": [],
    "aliases": [],
    "minimum-stability": "stable",
    "stability-flags": {
        "wbstack/magnustools": 20
    },
    "prefer-stable": false,
    "prefer-lowest": false,
    "platform": [],
    "platform-dev": [],
    "plugin-api-version": "1.1.0"
}
